
Microsoft Visual Studio Solution File, Format Version 12.00
# Visual Studio 15
VisualStudioVersion = 15.0.28307.1231
MinimumVisualStudioVersion = 10.0.40219.1
Project("{8BC9CEB8-8B4A-11D0-8D11-00A0C91BC942}") = "nub3", "nub3\nub3.vcxproj", "{CCA62715-DEB1-423C-A9E9-0CDEF129CAD3}"
EndProject
Global
	GlobalSection(SolutionConfigurationPlatforms) = preSolution
		Debug|x64 = Debug|x64
		Debug|x86 = Debug|x86
		Release|x64 = Release|x64
		Release|x86 = Release|x86
	EndGlobalSection
	GlobalSection(ProjectConfigurationPlatforms) = postSolution
		{CCA62715-DEB1-423C-A9E9-0CDEF129CAD3}.Debug|x64.ActiveCfg = Debug|x64
		{CCA62715-DEB1-423C-A9E9-0CDEF129CAD3}.Debug|x64.Build.0 = Debug|x64
		{CCA62715-DEB1-423C-A9E9-0CDEF129CAD3}.Debug|x86.ActiveCfg = Debug|Win32
		{CCA62715-DEB1-423C-A9E9-0CDEF129CAD3}.Debug|x86.Build.0 = Debug|Win32
		{CCA62715-DEB1-423C-A9E9-0CDEF129CAD3}.Release|x64.ActiveCfg = Release|x64
		{CCA62715-DEB1-423C-A9E9-0CDEF129CAD3}.Release|x64.Build.0 = Release|x64
		{CCA62715-DEB1-423C-A9E9-0CDEF129CAD3}.Release|x86.ActiveCfg = Release|Win32
		{CCA62715-DEB1-423C-A9E9-0CDEF129CAD3}.Release|x86.Build.0 = Release|Win32
	EndGlobalSection
	GlobalSection(SolutionProperties) = preSolution
		HideSolutionNode = FALSE
	EndGlobalSection
	GlobalSection(ExtensibilityGlobals) = postSolution
		SolutionGuid = {D1E21D87-72DA-4C77-8AF3-9D89DAE0FEE9}
	EndGlobalSection
EndGlobal
